
Microsoft Visual Studio Solution File, Format Version 12.00
# Visual Studio Version 17
VisualStudioVersion = 17.14.36109.1 d17.14
MinimumVisualStudioVersion = 10.0.40219.1
Project("{FAE04EC0-301F-11D3-BF4B-00C04F79EFBC}") = "SwitchConfigGenerator", "SwitchConfigGenerator.csproj", "{3F3EAAD4-1007-057C-533D-D16234A4E143}"
EndProject
Global
	GlobalSection(SolutionConfigurationPlatforms) = preSolution
		Debug|Any CPU = Debug|Any CPU
		Release|Any CPU = Release|Any CPU
	EndGlobalSection
	GlobalSection(ProjectConfigurationPlatforms) = postSolution
		{3F3EAAD4-1007-057C-533D-D16234A4E143}.Debug|Any CPU.ActiveCfg = Debug|Any CPU
		{3F3EAAD4-1007-057C-533D-D16234A4E143}.Debug|Any CPU.Build.0 = Debug|Any CPU
		{3F3EAAD4-1007-057C-533D-D16234A4E143}.Release|Any CPU.ActiveCfg = Release|Any CPU
		{3F3EAAD4-1007-057C-533D-D16234A4E143}.Release|Any CPU.Build.0 = Release|Any CPU
	EndGlobalSection
	GlobalSection(SolutionProperties) = preSolution
		HideSolutionNode = FALSE
	EndGlobalSection
	GlobalSection(ExtensibilityGlobals) = postSolution
		SolutionGuid = {ADED53AE-9C35-48DE-A1BF-352E015C0744}
	EndGlobalSection
EndGlobal
